
Microsoft Visual Studio Solution File, Format Version 12.00
# Visual Studio Version 17
VisualStudioVersion = 17.7.34003.232
MinimumVisualStudioVersion = 10.0.40219.1
Project("{FAE04EC0-301F-11D3-BF4B-00C04F79EFBC}") = "LagerInsights", "LagerInsights\LagerInsights.csproj", "{2A4449E4-5902-48E3-B61E-889ECA38AA75}"
EndProject
Global
	GlobalSection(SolutionConfigurationPlatforms) = preSolution
		Debug|Any CPU = Debug|Any CPU
		Release|Any CPU = Release|Any CPU
	EndGlobalSection
	GlobalSection(ProjectConfigurationPlatforms) = postSolution
		{2A4449E4-5902-48E3-B61E-889ECA38AA75}.Debug|Any CPU.ActiveCfg = Debug|Any CPU
		{2A4449E4-5902-48E3-B61E-889ECA38AA75}.Debug|Any CPU.Build.0 = Debug|Any CPU
		{2A4449E4-5902-48E3-B61E-889ECA38AA75}.Release|Any CPU.ActiveCfg = Release|Any CPU
		{2A4449E4-5902-48E3-B61E-889ECA38AA75}.Release|Any CPU.Build.0 = Release|Any CPU
	EndGlobalSection
	GlobalSection(SolutionProperties) = preSolution
		HideSolutionNode = FALSE
	EndGlobalSection
	GlobalSection(ExtensibilityGlobals) = postSolution
		SolutionGuid = {E8D03305-342A-42E6-AC1B-6A6555C4EEA7}
	EndGlobalSection
EndGlobal
